{
  "version": 4,
  "terraform_version": "1.1.5",
  "serial": 55,
  "lineage": "bb1629b8-7cae-248f-96f1-db2d73b2f2d1",
  "outputs": {},
  "resources": [
    {
      "module": "module.airflow",
      "mode": "data",
      "type": "aws_iam_policy_document",
      "name": "assume",
      "provider": "provider[\"registry.terraform.io/hashicorp/aws\"]",
      "instances": [
        {
          "schema_version": 0,
          "attributes": {
            "id": "1111084215",
            "json": "{\n  \"Version\": \"2012-10-17\",\n  \"Statement\": [\n    {\n      \"Sid\": \"\",\n      \"Effect\": \"Allow\",\n      \"Action\": \"sts:AssumeRole\",\n      \"Principal\": {\n        \"Service\": [\n          \"airflow.amazonaws.com\",\n          \"airflow-env.amazonaws.com\"\n        ]\n      }\n    }\n  ]\n}",
            "override_json": null,
            "override_policy_documents": null,
            "policy_id": null,
            "source_json": null,
            "source_policy_documents": null,
            "statement": [
              {
                "actions": [
                  "sts:AssumeRole"
                ],
                "condition": [],
                "effect": "Allow",
                "not_actions": [],
                "not_principals": [],
                "not_resources": [],
                "principals": [
                  {
                    "identifiers": [
                      "airflow-env.amazonaws.com",
                      "airflow.amazonaws.com"
                    ],
                    "type": "Service"
                  }
                ],
                "resources": [],
                "sid": ""
              }
            ],
            "version": "2012-10-17"
          },
          "sensitive_attributes": []
        }
      ]
    },
    {
      "module": "module.airflow",
      "mode": "data",
      "type": "aws_iam_policy_document",
      "name": "base",
      "provider": "provider[\"registry.terraform.io/hashicorp/aws\"]",
      "instances": [
        {
          "schema_version": 0,
          "attributes": {
            "id": "4102101862",
            "json": "{\n  \"Version\": \"2012-10-17\",\n  \"Statement\": [\n    {\n      \"Sid\": \"\",\n      \"Effect\": \"Allow\",\n      \"Action\": \"airflow:PublishMetrics\",\n      \"Resource\": \"arn:aws:airflow:us-west-2:12345679:environment/MyEnvironment\"\n    },\n    {\n      \"Sid\": \"\",\n      \"Effect\": \"Deny\",\n      \"Action\": \"s3:ListAllMyBuckets\",\n      \"Resource\": [\n        \"arn:aws:s3:::foustmwaabucket/*\",\n        \"arn:aws:s3:::foustmwaabucket\"\n      ]\n    },\n    {\n      \"Sid\": \"\",\n      \"Effect\": \"Allow\",\n      \"Action\": [\n        \"s3:List*\",\n        \"s3:GetObject*\",\n        \"s3:GetBucket*\"\n      ],\n      \"Resource\": [\n        \"arn:aws:s3:::foustmwaabucket/*\",\n        \"arn:aws:s3:::foustmwaabucket\"\n      ]\n    },\n    {\n      \"Sid\": \"\",\n      \"Effect\": \"Allow\",\n      \"Action\": \"s3:GetAccountPublicAccessBlock\",\n      \"Resource\": \"*\"\n    },\n    {\n      \"Sid\": \"\",\n      \"Effect\": \"Allow\",\n      \"Action\": [\n        \"logs:PutLogEvents\",\n        \"logs:GetQueryResults\",\n        \"logs:GetLogRecord\",\n        \"logs:GetLogGroupFields\",\n        \"logs:GetLogEvents\",\n        \"logs:CreateLogStream\",\n        \"logs:CreateLogGroup\"\n      ],\n      \"Resource\": \"arn:aws:logs:us-west-2:12345679:log-group:airflow-MyEnvironment-*\"\n    },\n    {\n      \"Sid\": \"\",\n      \"Effect\": \"Allow\",\n      \"Action\": \"logs:DescribeLogGroups\",\n      \"Resource\": \"*\"\n    },\n    {\n      \"Sid\": \"\",\n      \"Effect\": \"Allow\",\n      \"Action\": \"cloudwatch:PutMetricData\",\n      \"Resource\": \"*\"\n    },\n    {\n      \"Sid\": \"\",\n      \"Effect\": \"Allow\",\n      \"Action\": [\n        \"sqs:SendMessage\",\n        \"sqs:ReceiveMessage\",\n        \"sqs:GetQueueUrl\",\n        \"sqs:GetQueueAttributes\",\n        \"sqs:DeleteMessage\",\n        \"sqs:ChangeMessageVisibility\"\n      ],\n      \"Resource\": \"arn:aws:sqs:us-west-2:*:airflow-celery-*\"\n    },\n    {\n      \"Sid\": \"\",\n      \"Effect\": \"Allow\",\n      \"Action\": [\n        \"kms:GenerateDataKey*\",\n        \"kms:Encrypt\",\n        \"kms:DescribeKey\",\n        \"kms:Decrypt\"\n      ],\n      \"NotResource\": \"arn:aws:kms:*:12345679:key/*\",\n      \"Condition\": {\n        \"StringLike\": {\n          \"kms:ViaService\": \"sqs.us-west-2.amazonaws.com\"\n        }\n      }\n    }\n  ]\n}",
            "override_json": null,
            "override_policy_documents": null,
            "policy_id": null,
            "source_json": null,
            "source_policy_documents": null,
            "statement": [
              {
                "actions": [
                  "airflow:PublishMetrics"
                ],
                "condition": [],
                "effect": "Allow",
                "not_actions": [],
                "not_principals": [],
                "not_resources": [],
                "principals": [],
                "resources": [
                  "arn:aws:airflow:us-west-2:12345679:environment/MyEnvironment"
                ],
                "sid": ""
              },
              {
                "actions": [
                  "s3:ListAllMyBuckets"
                ],
                "condition": [],
                "effect": "Deny",
                "not_actions": [],
                "not_principals": [],
                "not_resources": [],
                "principals": [],
                "resources": [
                  "arn:aws:s3:::foustmwaabucket",
                  "arn:aws:s3:::foustmwaabucket/*"
                ],
                "sid": ""
              },
              {
                "actions": [
                  "s3:GetBucket*",
                  "s3:GetObject*",
                  "s3:List*"
                ],
                "condition": [],
                "effect": "Allow",
                "not_actions": [],
                "not_principals": [],
                "not_resources": [],
                "principals": [],
                "resources": [
                  "arn:aws:s3:::foustmwaabucket",
                  "arn:aws:s3:::foustmwaabucket/*"
                ],
                "sid": ""
              },
              {
                "actions": [
                  "s3:GetAccountPublicAccessBlock"
                ],
                "condition": [],
                "effect": "Allow",
                "not_actions": [],
                "not_principals": [],
                "not_resources": [],
                "principals": [],
                "resources": [
                  "*"
                ],
                "sid": ""
              },
              {
                "actions": [
                  "logs:CreateLogGroup",
                  "logs:CreateLogStream",
                  "logs:GetLogEvents",
                  "logs:GetLogGroupFields",
                  "logs:GetLogRecord",
                  "logs:GetQueryResults",
                  "logs:PutLogEvents"
                ],
                "condition": [],
                "effect": "Allow",
                "not_actions": [],
                "not_principals": [],
                "not_resources": [],
                "principals": [],
                "resources": [
                  "arn:aws:logs:us-west-2:12345679:log-group:airflow-MyEnvironment-*"
                ],
                "sid": ""
              },
              {
                "actions": [
                  "logs:DescribeLogGroups"
                ],
                "condition": [],
                "effect": "Allow",
                "not_actions": [],
                "not_principals": [],
                "not_resources": [],
                "principals": [],
                "resources": [
                  "*"
                ],
                "sid": ""
              },
              {
                "actions": [
                  "cloudwatch:PutMetricData"
                ],
                "condition": [],
                "effect": "Allow",
                "not_actions": [],
                "not_principals": [],
                "not_resources": [],
                "principals": [],
                "resources": [
                  "*"
                ],
                "sid": ""
              },
              {
                "actions": [
                  "sqs:ChangeMessageVisibility",
                  "sqs:DeleteMessage",
                  "sqs:GetQueueAttributes",
                  "sqs:GetQueueUrl",
                  "sqs:ReceiveMessage",
                  "sqs:SendMessage"
                ],
                "condition": [],
                "effect": "Allow",
                "not_actions": [],
                "not_principals": [],
                "not_resources": [],
                "principals": [],
                "resources": [
                  "arn:aws:sqs:us-west-2:*:airflow-celery-*"
                ],
                "sid": ""
              },
              {
                "actions": [
                  "kms:Decrypt",
                  "kms:DescribeKey",
                  "kms:Encrypt",
                  "kms:GenerateDataKey*"
                ],
                "condition": [
                  {
                    "test": "StringLike",
                    "values": [
                      "sqs.us-west-2.amazonaws.com"
                    ],
                    "variable": "kms:ViaService"
                  }
                ],
                "effect": "Allow",
                "not_actions": [],
                "not_principals": [],
                "not_resources": [
                  "arn:aws:kms:*:12345679:key/*"
                ],
                "principals": [],
                "resources": [],
                "sid": ""
              }
            ],
            "version": "2012-10-17"
          },
          "sensitive_attributes": []
        }
      ]
    },
    {
      "module": "module.airflow",
      "mode": "data",
      "type": "aws_iam_policy_document",
      "name": "this",
      "provider": "provider[\"registry.terraform.io/hashicorp/aws\"]",
      "instances": [
        {
          "schema_version": 0,
          "attributes": {
            "id": "3829277306",
            "json": "{\n  \"Version\": \"2012-10-17\",\n  \"Statement\": [\n    {\n      \"Sid\": \"\",\n      \"Effect\": \"Allow\",\n      \"Action\": \"airflow:PublishMetrics\",\n      \"Resource\": \"arn:aws:airflow:us-west-2:12345679:environment/MyEnvironment\"\n    },\n    {\n      \"Sid\": \"\",\n      \"Effect\": \"Deny\",\n      \"Action\": \"s3:ListAllMyBuckets\",\n      \"Resource\": [\n        \"arn:aws:s3:::foustmwaabucket/*\",\n        \"arn:aws:s3:::foustmwaabucket\"\n      ]\n    },\n    {\n      \"Sid\": \"\",\n      \"Effect\": \"Allow\",\n      \"Action\": [\n        \"s3:List*\",\n        \"s3:GetObject*\",\n        \"s3:GetBucket*\"\n      ],\n      \"Resource\": [\n        \"arn:aws:s3:::foustmwaabucket/*\",\n        \"arn:aws:s3:::foustmwaabucket\"\n      ]\n    },\n    {\n      \"Sid\": \"\",\n      \"Effect\": \"Allow\",\n      \"Action\": \"s3:GetAccountPublicAccessBlock\",\n      \"Resource\": \"*\"\n    },\n    {\n      \"Sid\": \"\",\n      \"Effect\": \"Allow\",\n      \"Action\": [\n        \"logs:PutLogEvents\",\n        \"logs:GetQueryResults\",\n        \"logs:GetLogRecord\",\n        \"logs:GetLogGroupFields\",\n        \"logs:GetLogEvents\",\n        \"logs:CreateLogStream\",\n        \"logs:CreateLogGroup\"\n      ],\n      \"Resource\": \"arn:aws:logs:us-west-2:12345679:log-group:airflow-MyEnvironment-*\"\n    },\n    {\n      \"Sid\": \"\",\n      \"Effect\": \"Allow\",\n      \"Action\": \"logs:DescribeLogGroups\",\n      \"Resource\": \"*\"\n    },\n    {\n      \"Sid\": \"\",\n      \"Effect\": \"Allow\",\n      \"Action\": \"cloudwatch:PutMetricData\",\n      \"Resource\": \"*\"\n    },\n    {\n      \"Sid\": \"\",\n      \"Effect\": \"Allow\",\n      \"Action\": [\n        \"sqs:SendMessage\",\n        \"sqs:ReceiveMessage\",\n        \"sqs:GetQueueUrl\",\n        \"sqs:GetQueueAttributes\",\n        \"sqs:DeleteMessage\",\n        \"sqs:ChangeMessageVisibility\"\n      ],\n      \"Resource\": \"arn:aws:sqs:us-west-2:*:airflow-celery-*\"\n    },\n    {\n      \"Sid\": \"\",\n      \"Effect\": \"Allow\",\n      \"Action\": [\n        \"kms:GenerateDataKey*\",\n        \"kms:Encrypt\",\n        \"kms:DescribeKey\",\n        \"kms:Decrypt\"\n      ],\n      \"NotResource\": \"arn:aws:kms:*:12345679:key/*\",\n      \"Condition\": {\n        \"StringLike\": {\n          \"kms:ViaService\": [\n            \"sqs.us-west-2.amazonaws.com\"\n          ]\n        }\n      }\n    }\n  ]\n}",
            "override_json": null,
            "override_policy_documents": null,
            "policy_id": null,
            "source_json": null,
            "source_policy_documents": [
              "{\n  \"Version\": \"2012-10-17\",\n  \"Statement\": [\n    {\n      \"Sid\": \"\",\n      \"Effect\": \"Allow\",\n      \"Action\": \"airflow:PublishMetrics\",\n      \"Resource\": \"arn:aws:airflow:us-west-2:12345679:environment/MyEnvironment\"\n    },\n    {\n      \"Sid\": \"\",\n      \"Effect\": \"Deny\",\n      \"Action\": \"s3:ListAllMyBuckets\",\n      \"Resource\": [\n        \"arn:aws:s3:::foustmwaabucket/*\",\n        \"arn:aws:s3:::foustmwaabucket\"\n      ]\n    },\n    {\n      \"Sid\": \"\",\n      \"Effect\": \"Allow\",\n      \"Action\": [\n        \"s3:List*\",\n        \"s3:GetObject*\",\n        \"s3:GetBucket*\"\n      ],\n      \"Resource\": [\n        \"arn:aws:s3:::foustmwaabucket/*\",\n        \"arn:aws:s3:::foustmwaabucket\"\n      ]\n    },\n    {\n      \"Sid\": \"\",\n      \"Effect\": \"Allow\",\n      \"Action\": \"s3:GetAccountPublicAccessBlock\",\n      \"Resource\": \"*\"\n    },\n    {\n      \"Sid\": \"\",\n      \"Effect\": \"Allow\",\n      \"Action\": [\n        \"logs:PutLogEvents\",\n        \"logs:GetQueryResults\",\n        \"logs:GetLogRecord\",\n        \"logs:GetLogGroupFields\",\n        \"logs:GetLogEvents\",\n        \"logs:CreateLogStream\",\n        \"logs:CreateLogGroup\"\n      ],\n      \"Resource\": \"arn:aws:logs:us-west-2:12345679:log-group:airflow-MyEnvironment-*\"\n    },\n    {\n      \"Sid\": \"\",\n      \"Effect\": \"Allow\",\n      \"Action\": \"logs:DescribeLogGroups\",\n      \"Resource\": \"*\"\n    },\n    {\n      \"Sid\": \"\",\n      \"Effect\": \"Allow\",\n      \"Action\": \"cloudwatch:PutMetricData\",\n      \"Resource\": \"*\"\n    },\n    {\n      \"Sid\": \"\",\n      \"Effect\": \"Allow\",\n      \"Action\": [\n        \"sqs:SendMessage\",\n        \"sqs:ReceiveMessage\",\n        \"sqs:GetQueueUrl\",\n        \"sqs:GetQueueAttributes\",\n        \"sqs:DeleteMessage\",\n        \"sqs:ChangeMessageVisibility\"\n      ],\n      \"Resource\": \"arn:aws:sqs:us-west-2:*:airflow-celery-*\"\n    },\n    {\n      \"Sid\": \"\",\n      \"Effect\": \"Allow\",\n      \"Action\": [\n        \"kms:GenerateDataKey*\",\n        \"kms:Encrypt\",\n        \"kms:DescribeKey\",\n        \"kms:Decrypt\"\n      ],\n      \"NotResource\": \"arn:aws:kms:*:12345679:key/*\",\n      \"Condition\": {\n        \"StringLike\": {\n          \"kms:ViaService\": \"sqs.us-west-2.amazonaws.com\"\n        }\n      }\n    }\n  ]\n}",
              "{}"
            ],
            "statement": null,
            "version": "2012-10-17"
          },
          "sensitive_attributes": []
        }
      ]
    },
    {
      "module": "module.airflow",
      "mode": "managed",
      "type": "aws_eip",
      "name": "this",
      "provider": "provider[\"registry.terraform.io/hashicorp/aws\"]",
      "instances": [
        {
          "index_key": 0,
          "schema_version": 0,
          "attributes": {
            "address": null,
            "allocation_id": "eipalloc-0009b1ad3adf0b26f",
            "associate_with_private_ip": null,
            "association_id": "eipassoc-0576fa1d563a128ce",
            "carrier_ip": "",
            "customer_owned_ip": "",
            "customer_owned_ipv4_pool": "",
            "domain": "vpc",
            "id": "eipalloc-0009b1ad3adf0b26f",
            "instance": "",
            "network_border_group": "us-west-2",
            "network_interface": "eni-003e04b6b3eec4901",
            "private_dns": "ip-172-34-0-242.us-west-2.compute.internal",
            "private_ip": "172.34.0.242",
            "public_dns": "ec2-54-149-247-164.us-west-2.compute.amazonaws.com",
            "public_ip": "54.149.247.164",
            "public_ipv4_pool": "amazon",
            "tags": {
              "Name": "mwaa-MyEnvironment-eip-0"
            },
            "tags_all": {
              "Name": "mwaa-MyEnvironment-eip-0"
            },
            "timeouts": null,
            "vpc": true
          },
          "sensitive_attributes": [],
          "private": "eyJlMmJmYjczMC1lY2FhLTExZTYtOGY4OC0zNDM2M2JjN2M0YzAiOnsiZGVsZXRlIjoxODAwMDAwMDAwMDAsInJlYWQiOjkwMDAwMDAwMDAwMCwidXBkYXRlIjozMDAwMDAwMDAwMDB9fQ=="
        },
        {
          "index_key": 1,
          "schema_version": 0,
          "attributes": {
            "address": null,
            "allocation_id": "eipalloc-04204810f63493960",
            "associate_with_private_ip": null,
            "association_id": "eipassoc-06bf71c2abee4d775",
            "carrier_ip": "",
            "customer_owned_ip": "",
            "customer_owned_ipv4_pool": "",
            "domain": "vpc",
            "id": "eipalloc-04204810f63493960",
            "instance": "",
            "network_border_group": "us-west-2",
            "network_interface": "eni-0c0a131a8322d93c9",
            "private_dns": "ip-172-35-0-189.us-west-2.compute.internal",
            "private_ip": "172.35.0.189",
            "public_dns": "ec2-52-35-6-55.us-west-2.compute.amazonaws.com",
            "public_ip": "52.35.6.55",
            "public_ipv4_pool": "amazon",
            "tags": {
              "Name": "mwaa-MyEnvironment-eip-1"
            },
            "tags_all": {
              "Name": "mwaa-MyEnvironment-eip-1"
            },
            "timeouts": null,
            "vpc": true
          },
          "sensitive_attributes": [],
          "private": "eyJlMmJmYjczMC1lY2FhLTExZTYtOGY4OC0zNDM2M2JjN2M0YzAiOnsiZGVsZXRlIjoxODAwMDAwMDAwMDAsInJlYWQiOjkwMDAwMDAwMDAwMCwidXBkYXRlIjozMDAwMDAwMDAwMDB9fQ=="
        }
      ]
    },
    {
      "module": "module.airflow",
      "mode": "managed",
      "type": "aws_iam_role",
      "name": "this",
      "provider": "provider[\"registry.terraform.io/hashicorp/aws\"]",
      "instances": [
        {
          "schema_version": 0,
          "attributes": {
            "arn": "arn:aws:iam::729482454746:role/mwaa-MyEnvironment-execution-role",
            "assume_role_policy": "{\"Version\":\"2012-10-17\",\"Statement\":[{\"Sid\":\"\",\"Effect\":\"Allow\",\"Principal\":{\"Service\":[\"airflow.amazonaws.com\",\"airflow-env.amazonaws.com\"]},\"Action\":\"sts:AssumeRole\"}]}",
            "create_date": "2022-02-21T20:36:45Z",
            "description": "",
            "force_detach_policies": false,
            "id": "mwaa-MyEnvironment-execution-role",
            "inline_policy": [
              {
                "name": "mwaa-MyEnvironment-execution-policy",
                "policy": "{\n  \"Version\": \"2012-10-17\",\n  \"Statement\": [\n    {\n      \"Sid\": \"\",\n      \"Effect\": \"Allow\",\n      \"Action\": \"airflow:PublishMetrics\",\n      \"Resource\": \"arn:aws:airflow:us-west-2:12345679:environment/MyEnvironment\"\n    },\n    {\n      \"Sid\": \"\",\n      \"Effect\": \"Deny\",\n      \"Action\": \"s3:ListAllMyBuckets\",\n      \"Resource\": [\n        \"arn:aws:s3:::foustmwaabucket/*\",\n        \"arn:aws:s3:::foustmwaabucket\"\n      ]\n    },\n    {\n      \"Sid\": \"\",\n      \"Effect\": \"Allow\",\n      \"Action\": [\n        \"s3:List*\",\n        \"s3:GetObject*\",\n        \"s3:GetBucket*\"\n      ],\n      \"Resource\": [\n        \"arn:aws:s3:::foustmwaabucket/*\",\n        \"arn:aws:s3:::foustmwaabucket\"\n      ]\n    },\n    {\n      \"Sid\": \"\",\n      \"Effect\": \"Allow\",\n      \"Action\": \"s3:GetAccountPublicAccessBlock\",\n      \"Resource\": \"*\"\n    },\n    {\n      \"Sid\": \"\",\n      \"Effect\": \"Allow\",\n      \"Action\": [\n        \"logs:PutLogEvents\",\n        \"logs:GetQueryResults\",\n        \"logs:GetLogRecord\",\n        \"logs:GetLogGroupFields\",\n        \"logs:GetLogEvents\",\n        \"logs:CreateLogStream\",\n        \"logs:CreateLogGroup\"\n      ],\n      \"Resource\": \"arn:aws:logs:us-west-2:12345679:log-group:airflow-MyEnvironment-*\"\n    },\n    {\n      \"Sid\": \"\",\n      \"Effect\": \"Allow\",\n      \"Action\": \"logs:DescribeLogGroups\",\n      \"Resource\": \"*\"\n    },\n    {\n      \"Sid\": \"\",\n      \"Effect\": \"Allow\",\n      \"Action\": \"cloudwatch:PutMetricData\",\n      \"Resource\": \"*\"\n    },\n    {\n      \"Sid\": \"\",\n      \"Effect\": \"Allow\",\n      \"Action\": [\n        \"sqs:SendMessage\",\n        \"sqs:ReceiveMessage\",\n        \"sqs:GetQueueUrl\",\n        \"sqs:GetQueueAttributes\",\n        \"sqs:DeleteMessage\",\n        \"sqs:ChangeMessageVisibility\"\n      ],\n      \"Resource\": \"arn:aws:sqs:us-west-2:*:airflow-celery-*\"\n    },\n    {\n      \"Sid\": \"\",\n      \"Effect\": \"Allow\",\n      \"Action\": [\n        \"kms:GenerateDataKey*\",\n        \"kms:Encrypt\",\n        \"kms:DescribeKey\",\n        \"kms:Decrypt\"\n      ],\n      \"NotResource\": \"arn:aws:kms:*:12345679:key/*\",\n      \"Condition\": {\n        \"StringLike\": {\n          \"kms:ViaService\": [\n            \"sqs.us-west-2.amazonaws.com\"\n          ]\n        }\n      }\n    }\n  ]\n}"
              }
            ],
            "managed_policy_arns": [],
            "max_session_duration": 3600,
            "name": "mwaa-MyEnvironment-execution-role",
            "name_prefix": "",
            "path": "/",
            "permissions_boundary": null,
            "tags": {},
            "tags_all": {},
            "unique_id": "AROA2TWEK43NKCCKVQFQR"
          },
          "sensitive_attributes": [],
          "private": "bnVsbA==",
          "dependencies": [
            "module.airflow.data.aws_iam_policy_document.assume"
          ]
        }
      ]
    },
    {
      "module": "module.airflow",
      "mode": "managed",
      "type": "aws_iam_role_policy",
      "name": "this",
      "provider": "provider[\"registry.terraform.io/hashicorp/aws\"]",
      "instances": [
        {
          "schema_version": 0,
          "attributes": {
            "id": "mwaa-MyEnvironment-execution-role:mwaa-MyEnvironment-execution-policy",
            "name": "mwaa-MyEnvironment-execution-policy",
            "name_prefix": null,
            "policy": "{\n  \"Version\": \"2012-10-17\",\n  \"Statement\": [\n    {\n      \"Sid\": \"\",\n      \"Effect\": \"Allow\",\n      \"Action\": \"airflow:PublishMetrics\",\n      \"Resource\": \"arn:aws:airflow:us-west-2:12345679:environment/MyEnvironment\"\n    },\n    {\n      \"Sid\": \"\",\n      \"Effect\": \"Deny\",\n      \"Action\": \"s3:ListAllMyBuckets\",\n      \"Resource\": [\n        \"arn:aws:s3:::foustmwaabucket/*\",\n        \"arn:aws:s3:::foustmwaabucket\"\n      ]\n    },\n    {\n      \"Sid\": \"\",\n      \"Effect\": \"Allow\",\n      \"Action\": [\n        \"s3:List*\",\n        \"s3:GetObject*\",\n        \"s3:GetBucket*\"\n      ],\n      \"Resource\": [\n        \"arn:aws:s3:::foustmwaabucket/*\",\n        \"arn:aws:s3:::foustmwaabucket\"\n      ]\n    },\n    {\n      \"Sid\": \"\",\n      \"Effect\": \"Allow\",\n      \"Action\": \"s3:GetAccountPublicAccessBlock\",\n      \"Resource\": \"*\"\n    },\n    {\n      \"Sid\": \"\",\n      \"Effect\": \"Allow\",\n      \"Action\": [\n        \"logs:PutLogEvents\",\n        \"logs:GetQueryResults\",\n        \"logs:GetLogRecord\",\n        \"logs:GetLogGroupFields\",\n        \"logs:GetLogEvents\",\n        \"logs:CreateLogStream\",\n        \"logs:CreateLogGroup\"\n      ],\n      \"Resource\": \"arn:aws:logs:us-west-2:12345679:log-group:airflow-MyEnvironment-*\"\n    },\n    {\n      \"Sid\": \"\",\n      \"Effect\": \"Allow\",\n      \"Action\": \"logs:DescribeLogGroups\",\n      \"Resource\": \"*\"\n    },\n    {\n      \"Sid\": \"\",\n      \"Effect\": \"Allow\",\n      \"Action\": \"cloudwatch:PutMetricData\",\n      \"Resource\": \"*\"\n    },\n    {\n      \"Sid\": \"\",\n      \"Effect\": \"Allow\",\n      \"Action\": [\n        \"sqs:SendMessage\",\n        \"sqs:ReceiveMessage\",\n        \"sqs:GetQueueUrl\",\n        \"sqs:GetQueueAttributes\",\n        \"sqs:DeleteMessage\",\n        \"sqs:ChangeMessageVisibility\"\n      ],\n      \"Resource\": \"arn:aws:sqs:us-west-2:*:airflow-celery-*\"\n    },\n    {\n      \"Sid\": \"\",\n      \"Effect\": \"Allow\",\n      \"Action\": [\n        \"kms:GenerateDataKey*\",\n        \"kms:Encrypt\",\n        \"kms:DescribeKey\",\n        \"kms:Decrypt\"\n      ],\n      \"NotResource\": \"arn:aws:kms:*:12345679:key/*\",\n      \"Condition\": {\n        \"StringLike\": {\n          \"kms:ViaService\": [\n            \"sqs.us-west-2.amazonaws.com\"\n          ]\n        }\n      }\n    }\n  ]\n}",
            "role": "mwaa-MyEnvironment-execution-role"
          },
          "sensitive_attributes": [],
          "private": "bnVsbA==",
          "dependencies": [
            "module.airflow.aws_iam_role.this",
            "module.airflow.data.aws_iam_policy_document.assume",
            "module.airflow.data.aws_iam_policy_document.base",
            "module.airflow.data.aws_iam_policy_document.this"
          ]
        }
      ]
    },
    {
      "module": "module.airflow",
      "mode": "managed",
      "type": "aws_mwaa_environment",
      "name": "this",
      "provider": "provider[\"registry.terraform.io/hashicorp/aws\"]",
      "instances": [
        {
          "schema_version": 0,
          "attributes": {
            "airflow_configuration_options": null,
            "airflow_version": "2.0.2",
            "arn": "arn:aws:airflow:us-west-2:729482454746:environment/MyEnvironment",
            "created_at": "2022-02-22 02:03:11 +0000 UTC",
            "dag_s3_path": "dags/",
            "environment_class": "mw1.small",
            "execution_role_arn": "arn:aws:iam::729482454746:role/mwaa-MyEnvironment-execution-role",
            "id": "MyEnvironment",
            "kms_key": "",
            "last_updated": [
              {
                "created_at": "2022-02-22 02:03:11 +0000 UTC",
                "error": [],
                "status": "SUCCESS"
              }
            ],
            "logging_configuration": [
              {
                "dag_processing_logs": [
                  {
                    "cloud_watch_log_group_arn": "arn:aws:logs:us-west-2:729482454746:log-group:airflow-MyEnvironment-DAGProcessing",
                    "enabled": true,
                    "log_level": "WARNING"
                  }
                ],
                "scheduler_logs": [
                  {
                    "cloud_watch_log_group_arn": "arn:aws:logs:us-west-2:729482454746:log-group:airflow-MyEnvironment-Scheduler",
                    "enabled": true,
                    "log_level": "WARNING"
                  }
                ],
                "task_logs": [
                  {
                    "cloud_watch_log_group_arn": "arn:aws:logs:us-west-2:729482454746:log-group:airflow-MyEnvironment-Task",
                    "enabled": true,
                    "log_level": "INFO"
                  }
                ],
                "webserver_logs": [
                  {
                    "cloud_watch_log_group_arn": "arn:aws:logs:us-west-2:729482454746:log-group:airflow-MyEnvironment-WebServer",
                    "enabled": true,
                    "log_level": "WARNING"
                  }
                ],
                "worker_logs": [
                  {
                    "cloud_watch_log_group_arn": "arn:aws:logs:us-west-2:729482454746:log-group:airflow-MyEnvironment-Worker",
                    "enabled": true,
                    "log_level": "WARNING"
                  }
                ]
              }
            ],
            "max_workers": 10,
            "min_workers": 1,
            "name": "MyEnvironment",
            "network_configuration": [
              {
                "security_group_ids": [
                  "sg-08de97be4038d68bc"
                ],
                "subnet_ids": [
                  "subnet-002c8f204abf046e6",
                  "subnet-03fe1821e0ba09227"
                ]
              }
            ],
            "plugins_s3_object_version": "",
            "plugins_s3_path": "",
            "requirements_s3_object_version": "",
            "requirements_s3_path": "",
            "service_role_arn": "arn:aws:iam::729482454746:role/aws-service-role/airflow.amazonaws.com/AWSServiceRoleForAmazonMWAA",
            "source_bucket_arn": "arn:aws:s3:::foustmwaabucket",
            "status": "AVAILABLE",
            "tags": {
              "Name": "mwaa-MyEnvironment"
            },
            "tags_all": {
              "Name": "mwaa-MyEnvironment"
            },
            "webserver_access_mode": "PRIVATE_ONLY",
            "webserver_url": "fe40df51-d520-40ca-8a18-18e5a4a879fb-vpce.c6.us-west-2.airflow.amazonaws.com",
            "weekly_maintenance_window_start": "TUE:14:30"
          },
          "sensitive_attributes": [],
          "private": "bnVsbA==",
          "dependencies": [
            "module.airflow.aws_iam_role.this",
            "module.airflow.aws_security_group.this",
            "module.airflow.aws_subnet.private"
          ]
        }
      ]
    },
    {
      "module": "module.airflow",
      "mode": "managed",
      "type": "aws_nat_gateway",
      "name": "this",
      "provider": "provider[\"registry.terraform.io/hashicorp/aws\"]",
      "instances": [
        {
          "index_key": 0,
          "schema_version": 0,
          "attributes": {
            "allocation_id": "eipalloc-0009b1ad3adf0b26f",
            "connectivity_type": "public",
            "id": "nat-0033332a970a38222",
            "network_interface_id": "eni-003e04b6b3eec4901",
            "private_ip": "172.34.0.242",
            "public_ip": "54.149.247.164",
            "subnet_id": "subnet-02fe7e3c40aa0f477",
            "tags": {
              "Name": "mwaa-MyEnvironment-nat-gateway-0"
            },
            "tags_all": {
              "Name": "mwaa-MyEnvironment-nat-gateway-0"
            }
          },
          "sensitive_attributes": [],
          "private": "bnVsbA==",
          "dependencies": [
            "module.airflow.aws_eip.this",
            "module.airflow.aws_subnet.public"
          ]
        },
        {
          "index_key": 1,
          "schema_version": 0,
          "attributes": {
            "allocation_id": "eipalloc-04204810f63493960",
            "connectivity_type": "public",
            "id": "nat-09e6421095251fe29",
            "network_interface_id": "eni-0c0a131a8322d93c9",
            "private_ip": "172.35.0.189",
            "public_ip": "52.35.6.55",
            "subnet_id": "subnet-021a6ae787280ac9d",
            "tags": {
              "Name": "mwaa-MyEnvironment-nat-gateway-1"
            },
            "tags_all": {
              "Name": "mwaa-MyEnvironment-nat-gateway-1"
            }
          },
          "sensitive_attributes": [],
          "private": "bnVsbA==",
          "dependencies": [
            "module.airflow.aws_eip.this",
            "module.airflow.aws_subnet.public"
          ]
        }
      ]
    },
    {
      "module": "module.airflow",
      "mode": "managed",
      "type": "aws_route_table",
      "name": "private",
      "provider": "provider[\"registry.terraform.io/hashicorp/aws\"]",
      "instances": [
        {
          "index_key": 0,
          "schema_version": 0,
          "attributes": {
            "arn": "arn:aws:ec2:us-west-2:729482454746:route-table/rtb-01598499c441efa75",
            "id": "rtb-01598499c441efa75",
            "owner_id": "729482454746",
            "propagating_vgws": [],
            "route": [
              {
                "carrier_gateway_id": "",
                "cidr_block": "0.0.0.0/0",
                "destination_prefix_list_id": "",
                "egress_only_gateway_id": "",
                "gateway_id": "",
                "instance_id": "",
                "ipv6_cidr_block": "",
                "local_gateway_id": "",
                "nat_gateway_id": "nat-0033332a970a38222",
                "network_interface_id": "",
                "transit_gateway_id": "",
                "vpc_endpoint_id": "",
                "vpc_peering_connection_id": ""
              }
            ],
            "tags": {
              "Name": "mwaa-MyEnvironment-private-routes-a"
            },
            "tags_all": {
              "Name": "mwaa-MyEnvironment-private-routes-a"
            },
            "timeouts": null,
            "vpc_id": "vpc-0ad04c53bba2df52c"
          },
          "sensitive_attributes": [],
          "private": "eyJlMmJmYjczMC1lY2FhLTExZTYtOGY4OC0zNDM2M2JjN2M0YzAiOnsiY3JlYXRlIjozMDAwMDAwMDAwMDAsImRlbGV0ZSI6MzAwMDAwMDAwMDAwLCJ1cGRhdGUiOjEyMDAwMDAwMDAwMH19",
          "dependencies": [
            "module.airflow.aws_eip.this",
            "module.airflow.aws_nat_gateway.this",
            "module.airflow.aws_subnet.public"
          ]
        },
        {
          "index_key": 1,
          "schema_version": 0,
          "attributes": {
            "arn": "arn:aws:ec2:us-west-2:729482454746:route-table/rtb-06ea1d3d67b52221c",
            "id": "rtb-06ea1d3d67b52221c",
            "owner_id": "729482454746",
            "propagating_vgws": [],
            "route": [
              {
                "carrier_gateway_id": "",
                "cidr_block": "0.0.0.0/0",
                "destination_prefix_list_id": "",
                "egress_only_gateway_id": "",
                "gateway_id": "",
                "instance_id": "",
                "ipv6_cidr_block": "",
                "local_gateway_id": "",
                "nat_gateway_id": "nat-09e6421095251fe29",
                "network_interface_id": "",
                "transit_gateway_id": "",
                "vpc_endpoint_id": "",
                "vpc_peering_connection_id": ""
              }
            ],
            "tags": {
              "Name": "mwaa-MyEnvironment-private-routes-a"
            },
            "tags_all": {
              "Name": "mwaa-MyEnvironment-private-routes-a"
            },
            "timeouts": null,
            "vpc_id": "vpc-0ad04c53bba2df52c"
          },
          "sensitive_attributes": [],
          "private": "eyJlMmJmYjczMC1lY2FhLTExZTYtOGY4OC0zNDM2M2JjN2M0YzAiOnsiY3JlYXRlIjozMDAwMDAwMDAwMDAsImRlbGV0ZSI6MzAwMDAwMDAwMDAwLCJ1cGRhdGUiOjEyMDAwMDAwMDAwMH19",
          "dependencies": [
            "module.airflow.aws_eip.this",
            "module.airflow.aws_nat_gateway.this",
            "module.airflow.aws_subnet.public"
          ]
        }
      ]
    },
    {
      "module": "module.airflow",
      "mode": "managed",
      "type": "aws_route_table",
      "name": "public",
      "provider": "provider[\"registry.terraform.io/hashicorp/aws\"]",
      "instances": [
        {
          "index_key": 0,
          "schema_version": 0,
          "attributes": {
            "arn": "arn:aws:ec2:us-west-2:729482454746:route-table/rtb-075b2f7c453e66f9a",
            "id": "rtb-075b2f7c453e66f9a",
            "owner_id": "729482454746",
            "propagating_vgws": [],
            "route": [
              {
                "carrier_gateway_id": "",
                "cidr_block": "0.0.0.0/0",
                "destination_prefix_list_id": "",
                "egress_only_gateway_id": "",
                "gateway_id": "igw-0d91f3ea3f24c415e",
                "instance_id": "",
                "ipv6_cidr_block": "",
                "local_gateway_id": "",
                "nat_gateway_id": "",
                "network_interface_id": "",
                "transit_gateway_id": "",
                "vpc_endpoint_id": "",
                "vpc_peering_connection_id": ""
              }
            ],
            "tags": {
              "Name": "mwaa-MyEnvironment-public-routes"
            },
            "tags_all": {
              "Name": "mwaa-MyEnvironment-public-routes"
            },
            "timeouts": null,
            "vpc_id": "vpc-0ad04c53bba2df52c"
          },
          "sensitive_attributes": [],
          "private": "eyJlMmJmYjczMC1lY2FhLTExZTYtOGY4OC0zNDM2M2JjN2M0YzAiOnsiY3JlYXRlIjozMDAwMDAwMDAwMDAsImRlbGV0ZSI6MzAwMDAwMDAwMDAwLCJ1cGRhdGUiOjEyMDAwMDAwMDAwMH19"
        }
      ]
    },
    {
      "module": "module.airflow",
      "mode": "managed",
      "type": "aws_route_table_association",
      "name": "private",
      "provider": "provider[\"registry.terraform.io/hashicorp/aws\"]",
      "instances": [
        {
          "index_key": 0,
          "schema_version": 0,
          "attributes": {
            "gateway_id": "",
            "id": "rtbassoc-076cca07495d0e435",
            "route_table_id": "rtb-01598499c441efa75",
            "subnet_id": "subnet-03fe1821e0ba09227"
          },
          "sensitive_attributes": [],
          "private": "bnVsbA==",
          "dependencies": [
            "module.airflow.aws_eip.this",
            "module.airflow.aws_nat_gateway.this",
            "module.airflow.aws_route_table.private",
            "module.airflow.aws_subnet.private",
            "module.airflow.aws_subnet.public"
          ]
        },
        {
          "index_key": 1,
          "schema_version": 0,
          "attributes": {
            "gateway_id": "",
            "id": "rtbassoc-052a9526c505a8a71",
            "route_table_id": "rtb-06ea1d3d67b52221c",
            "subnet_id": "subnet-002c8f204abf046e6"
          },
          "sensitive_attributes": [],
          "private": "bnVsbA==",
          "dependencies": [
            "module.airflow.aws_eip.this",
            "module.airflow.aws_nat_gateway.this",
            "module.airflow.aws_route_table.private",
            "module.airflow.aws_subnet.private",
            "module.airflow.aws_subnet.public"
          ]
        }
      ]
    },
    {
      "module": "module.airflow",
      "mode": "managed",
      "type": "aws_route_table_association",
      "name": "public",
      "provider": "provider[\"registry.terraform.io/hashicorp/aws\"]",
      "instances": [
        {
          "index_key": 0,
          "schema_version": 0,
          "attributes": {
            "gateway_id": "",
            "id": "rtbassoc-0b4bacd65f168907b",
            "route_table_id": "rtb-075b2f7c453e66f9a",
            "subnet_id": "subnet-02fe7e3c40aa0f477"
          },
          "sensitive_attributes": [],
          "private": "bnVsbA==",
          "dependencies": [
            "module.airflow.aws_route_table.public",
            "module.airflow.aws_subnet.public"
          ]
        },
        {
          "index_key": 1,
          "schema_version": 0,
          "attributes": {
            "gateway_id": "",
            "id": "rtbassoc-0f010de9bb1a9a121",
            "route_table_id": "rtb-075b2f7c453e66f9a",
            "subnet_id": "subnet-021a6ae787280ac9d"
          },
          "sensitive_attributes": [],
          "private": "bnVsbA==",
          "dependencies": [
            "module.airflow.aws_route_table.public",
            "module.airflow.aws_subnet.public"
          ]
        }
      ]
    },
    {
      "module": "module.airflow",
      "mode": "managed",
      "type": "aws_security_group",
      "name": "this",
      "provider": "provider[\"registry.terraform.io/hashicorp/aws\"]",
      "instances": [
        {
          "schema_version": 1,
          "attributes": {
            "arn": "arn:aws:ec2:us-west-2:729482454746:security-group/sg-08de97be4038d68bc",
            "description": "Managed by Terraform",
            "egress": [
              {
                "cidr_blocks": [
                  "0.0.0.0/0"
                ],
                "description": "",
                "from_port": 0,
                "ipv6_cidr_blocks": [],
                "prefix_list_ids": [],
                "protocol": "-1",
                "security_groups": [],
                "self": false,
                "to_port": 0
              }
            ],
            "id": "sg-08de97be4038d68bc",
            "ingress": [
              {
                "cidr_blocks": [],
                "description": "",
                "from_port": 0,
                "ipv6_cidr_blocks": [],
                "prefix_list_ids": [],
                "protocol": "-1",
                "security_groups": [],
                "self": true,
                "to_port": 0
              }
            ],
            "name": "mwaa-MyEnvironment-no-ingress-sg",
            "name_prefix": "",
            "owner_id": "729482454746",
            "revoke_rules_on_delete": false,
            "tags": {
              "Name": "mwaa-MyEnvironment-no-ingress-sg"
            },
            "tags_all": {
              "Name": "mwaa-MyEnvironment-no-ingress-sg"
            },
            "timeouts": null,
            "vpc_id": "vpc-0ad04c53bba2df52c"
          },
          "sensitive_attributes": [],
          "private": "eyJlMmJmYjczMC1lY2FhLTExZTYtOGY4OC0zNDM2M2JjN2M0YzAiOnsiY3JlYXRlIjo2MDAwMDAwMDAwMDAsImRlbGV0ZSI6OTAwMDAwMDAwMDAwfSwic2NoZW1hX3ZlcnNpb24iOiIxIn0="
        }
      ]
    },
    {
      "module": "module.airflow",
      "mode": "managed",
      "type": "aws_subnet",
      "name": "private",
      "provider": "provider[\"registry.terraform.io/hashicorp/aws\"]",
      "instances": [
        {
          "index_key": 0,
          "schema_version": 1,
          "attributes": {
            "arn": "arn:aws:ec2:us-west-2:729482454746:subnet/subnet-03fe1821e0ba09227",
            "assign_ipv6_address_on_creation": false,
            "availability_zone": "us-west-2a",
            "availability_zone_id": "usw2-az2",
            "cidr_block": "172.32.0.0/24",
            "customer_owned_ipv4_pool": "",
            "enable_dns64": false,
            "enable_resource_name_dns_a_record_on_launch": false,
            "enable_resource_name_dns_aaaa_record_on_launch": false,
            "id": "subnet-03fe1821e0ba09227",
            "ipv6_cidr_block": "",
            "ipv6_cidr_block_association_id": "",
            "ipv6_native": false,
            "map_customer_owned_ip_on_launch": false,
            "map_public_ip_on_launch": false,
            "outpost_arn": "",
            "owner_id": "729482454746",
            "private_dns_hostname_type_on_launch": "ip-name",
            "tags": {
              "Name": "mwaa-MyEnvironment-private-subnet-0"
            },
            "tags_all": {
              "Name": "mwaa-MyEnvironment-private-subnet-0"
            },
            "timeouts": null,
            "vpc_id": "vpc-0ad04c53bba2df52c"
          },
          "sensitive_attributes": [],
          "private": "eyJlMmJmYjczMC1lY2FhLTExZTYtOGY4OC0zNDM2M2JjN2M0YzAiOnsiY3JlYXRlIjo2MDAwMDAwMDAwMDAsImRlbGV0ZSI6MTIwMDAwMDAwMDAwMH0sInNjaGVtYV92ZXJzaW9uIjoiMSJ9"
        },
        {
          "index_key": 1,
          "schema_version": 1,
          "attributes": {
            "arn": "arn:aws:ec2:us-west-2:729482454746:subnet/subnet-002c8f204abf046e6",
            "assign_ipv6_address_on_creation": false,
            "availability_zone": "us-west-2b",
            "availability_zone_id": "usw2-az1",
            "cidr_block": "172.33.0.0/24",
            "customer_owned_ipv4_pool": "",
            "enable_dns64": false,
            "enable_resource_name_dns_a_record_on_launch": false,
            "enable_resource_name_dns_aaaa_record_on_launch": false,
            "id": "subnet-002c8f204abf046e6",
            "ipv6_cidr_block": "",
            "ipv6_cidr_block_association_id": "",
            "ipv6_native": false,
            "map_customer_owned_ip_on_launch": false,
            "map_public_ip_on_launch": false,
            "outpost_arn": "",
            "owner_id": "729482454746",
            "private_dns_hostname_type_on_launch": "ip-name",
            "tags": {
              "Name": "mwaa-MyEnvironment-private-subnet-1"
            },
            "tags_all": {
              "Name": "mwaa-MyEnvironment-private-subnet-1"
            },
            "timeouts": null,
            "vpc_id": "vpc-0ad04c53bba2df52c"
          },
          "sensitive_attributes": [],
          "private": "eyJlMmJmYjczMC1lY2FhLTExZTYtOGY4OC0zNDM2M2JjN2M0YzAiOnsiY3JlYXRlIjo2MDAwMDAwMDAwMDAsImRlbGV0ZSI6MTIwMDAwMDAwMDAwMH0sInNjaGVtYV92ZXJzaW9uIjoiMSJ9"
        }
      ]
    },
    {
      "module": "module.airflow",
      "mode": "managed",
      "type": "aws_subnet",
      "name": "public",
      "provider": "provider[\"registry.terraform.io/hashicorp/aws\"]",
      "instances": [
        {
          "index_key": 0,
          "schema_version": 1,
          "attributes": {
            "arn": "arn:aws:ec2:us-west-2:729482454746:subnet/subnet-02fe7e3c40aa0f477",
            "assign_ipv6_address_on_creation": false,
            "availability_zone": "us-west-2a",
            "availability_zone_id": "usw2-az2",
            "cidr_block": "172.34.0.0/24",
            "customer_owned_ipv4_pool": "",
            "enable_dns64": false,
            "enable_resource_name_dns_a_record_on_launch": false,
            "enable_resource_name_dns_aaaa_record_on_launch": false,
            "id": "subnet-02fe7e3c40aa0f477",
            "ipv6_cidr_block": "",
            "ipv6_cidr_block_association_id": "",
            "ipv6_native": false,
            "map_customer_owned_ip_on_launch": false,
            "map_public_ip_on_launch": true,
            "outpost_arn": "",
            "owner_id": "729482454746",
            "private_dns_hostname_type_on_launch": "ip-name",
            "tags": {
              "Name": "mwaa-MyEnvironment-public-subnet-0"
            },
            "tags_all": {
              "Name": "mwaa-MyEnvironment-public-subnet-0"
            },
            "timeouts": null,
            "vpc_id": "vpc-0ad04c53bba2df52c"
          },
          "sensitive_attributes": [],
          "private": "eyJlMmJmYjczMC1lY2FhLTExZTYtOGY4OC0zNDM2M2JjN2M0YzAiOnsiY3JlYXRlIjo2MDAwMDAwMDAwMDAsImRlbGV0ZSI6MTIwMDAwMDAwMDAwMH0sInNjaGVtYV92ZXJzaW9uIjoiMSJ9"
        },
        {
          "index_key": 1,
          "schema_version": 1,
          "attributes": {
            "arn": "arn:aws:ec2:us-west-2:729482454746:subnet/subnet-021a6ae787280ac9d",
            "assign_ipv6_address_on_creation": false,
            "availability_zone": "us-west-2b",
            "availability_zone_id": "usw2-az1",
            "cidr_block": "172.35.0.0/24",
            "customer_owned_ipv4_pool": "",
            "enable_dns64": false,
            "enable_resource_name_dns_a_record_on_launch": false,
            "enable_resource_name_dns_aaaa_record_on_launch": false,
            "id": "subnet-021a6ae787280ac9d",
            "ipv6_cidr_block": "",
            "ipv6_cidr_block_association_id": "",
            "ipv6_native": false,
            "map_customer_owned_ip_on_launch": false,
            "map_public_ip_on_launch": true,
            "outpost_arn": "",
            "owner_id": "729482454746",
            "private_dns_hostname_type_on_launch": "ip-name",
            "tags": {
              "Name": "mwaa-MyEnvironment-public-subnet-1"
            },
            "tags_all": {
              "Name": "mwaa-MyEnvironment-public-subnet-1"
            },
            "timeouts": null,
            "vpc_id": "vpc-0ad04c53bba2df52c"
          },
          "sensitive_attributes": [],
          "private": "eyJlMmJmYjczMC1lY2FhLTExZTYtOGY4OC0zNDM2M2JjN2M0YzAiOnsiY3JlYXRlIjo2MDAwMDAwMDAwMDAsImRlbGV0ZSI6MTIwMDAwMDAwMDAwMH0sInNjaGVtYV92ZXJzaW9uIjoiMSJ9"
        }
      ]
    }
  ]
}
